# This file is autogenerated, do not edit; changes may be undone by the next 'dep ensure'.


[[projects]]
  digest = "1:72fff13e105db55c6d4b1acb69216b88d9d3009433f43d7df3488f842b0b6929"
  name = "github.com/RoaringBitmap/roaring"
  packages = ["."]
  pruneopts = "UT"
  revision = "3d677d3262197ee558b85029301eb69b8239f91a"
  version = "v0.4.16"

[[projects]]
  branch = "master"
  digest = "1:64032380524ef4bdf370ed291ec02f0c129d540d91fac689bfb693ef203d73dd"
  name = "github.com/Smerity/govarint"
  packages = ["."]
  pruneopts = "UT"
  revision = "7265e41f48f15fd61751e16da866af3c704bb3ab"

[[projects]]
  digest = "1:4f97a19ac47afab034a669f3eff764a246d3335440342161753a6b4bd26b8e6f"
  name = "github.com/blevesearch/bleve"
  packages = [
    ".",
    "analysis",
    "analysis/analyzer/standard",
    "analysis/datetime/flexible",
    "analysis/datetime/optional",
    "analysis/lang/en",
    "analysis/token/lowercase",
    "analysis/token/porter",
    "analysis/token/stop",
    "analysis/tokenizer/unicode",
    "document",
    "geo",
    "index",
    "index/scorch",
    "index/scorch/mergeplan",
    "index/scorch/segment",
    "index/scorch/segment/mem",
    "index/scorch/segment/zap",
    "index/store",
    "index/store/boltdb",
    "index/store/gtreap",
    "index/upsidedown",
    "mapping",
    "numeric",
    "registry",
    "search",
    "search/collector",
    "search/facet",
    "search/highlight",
    "search/highlight/format/ansi",
    "search/highlight/format/html",
    "search/highlight/fragmenter/simple",
    "search/highlight/highlighter/ansi",
    "search/highlight/highlighter/html",
    "search/highlight/highlighter/simple",
    "search/query",
    "search/scorer",
    "search/searcher",
  ]
  pruneopts = "UT"
  revision = "1a319cdf5bf77dc8cee35a6b99f908792c2547ef"
  version = "v0.7.0"

[[projects]]
  branch = "master"
  digest = "1:d9acc55e5a09863e9ae556c3e28f3703e94a3fc50a5a8b8dcb4bb02f913541c9"
  name = "github.com/blevesearch/go-porterstemmer"
  packages = ["."]
  pruneopts = "UT"
  revision = "23a2c8e5cf1f380f27722c6d2ae8896431dc7d0e"

[[projects]]
  digest = "1:15330cc03ff3465f79883a77312e65137fb79e0a4faef446d2dc6b8f71d54c42"
  name = "github.com/blevesearch/segment"
  packages = ["."]
  pruneopts = "UT"
  revision = "db70c57796cc8c310613541dfade3dce627d09c7"

[[projects]]
  digest = "1:8a94a15cd36028e52e4acb843458efb7c8e4a06795591f47f8e4e436a7320459"
  name = "github.com/boltdb/bolt"
  packages = ["."]
  pruneopts = "UT"
  revision = "9da31745363232bc1e27dbab3569e77383a51585"

[[projects]]
  branch = "master"
  digest = "1:9ad2e6fc1f8f3e478ea342ebbc94d28db70d125e3575384e3c427783a0310647"
  name = "github.com/couchbase/vellum"
  packages = [
    ".",
    "regexp",
    "utf8",
  ]
  pruneopts = "UT"
  revision = "e91b68ff3efe3cc11723aa25dd315cbc9276cd65"

[[projects]]
  digest = "1:edb569dd02419a41ddd98768cc0e7aec922ef19dae139731e5ca750afcf6f4c5"
  name = "github.com/edsrzf/mmap-go"
  packages = ["."]
  pruneopts = "UT"
  revision = "188cc3b666ba704534fa4f96e9e61f21f1e1ba7c"
  version = "v1.0.0"

[[projects]]
  digest = "1:abeb38ade3f32a92943e5be54f55ed6d6e3b6602761d74b4aab4c9dd45c18abd"
  name = "github.com/fsnotify/fsnotify"
  packages = ["."]
  pruneopts = "UT"
  revision = "c2828203cd70a50dcccfb2761f8b1f8ceef9a8e9"
  version = "v1.4.7"

[[projects]]
  branch = "master"
  digest = "1:dc925a7d0f70e394be6a79f060b06dfdecfabdc88cfd1cfa1c9d9462c6edca1f"
  name = "github.com/glycerine/go-unsnap-stream"
  packages = ["."]
  pruneopts = "UT"
  revision = "f9677308dec2b35e76737f9713df328ad11b1fea"

[[projects]]
  digest = "1:8678e5fbb17ef2ba020f5369260d9adead06c4be5974e7aa556c245badbed139"
  name = "github.com/golang/protobuf"
  packages = ["proto"]
  pruneopts = "UT"
  revision = "655cdfa588ea190e901bc5590e65d5621688847c"

[[projects]]
  digest = "1:ffcba3b8daaaa29dd382bf24b62c5fce691de087a03dde25ed03b1dd02b8c6a8"
  name = "github.com/golang/snappy"
  packages = ["."]
  pruneopts = "UT"
  revision = "cef980a12b316c5b7e5bb3a8e168eb43ae999a88"

[[projects]]
  digest = "1:c0d19ab64b32ce9fe5cf4ddceba78d5bc9807f0016db6b1183599da3dcc24d10"
  name = "github.com/hashicorp/hcl"
  packages = [
    ".",
    "hcl/ast",
    "hcl/parser",
    "hcl/printer",
    "hcl/scanner",
    "hcl/strconv",
    "hcl/token",
    "json/parser",
    "json/scanner",
    "json/token",
  ]
  pruneopts = "UT"
  revision = "8cb6e5b959231cc1119e43259c4a608f9c51a241"
  version = "v1.0.0"

[[projects]]
  digest = "1:870d441fe217b8e689d7949fef6e43efbc787e50f200cb1e70dbca9204a1d6be"
  name = "github.com/inconshreveable/mousetrap"
  packages = ["."]
  pruneopts = "UT"
  revision = "76626ae9c91c4f2a10f34cad8ce83ea42c93bb75"
  version = "v1.0"

[[projects]]
  digest = "1:c568d7727aa262c32bdf8a3f7db83614f7af0ed661474b24588de635c20024c7"
  name = "github.com/magiconair/properties"
  packages = ["."]
  pruneopts = "UT"
  revision = "c2353362d570a7bfa228149c62842019201cfb71"
  version = "v1.8.0"

[[projects]]
  digest = "1:78bbb1ba5b7c3f2ed0ea1eab57bdd3859aec7e177811563edc41198a760b06af"
  name = "github.com/mitchellh/go-homedir"
  packages = ["."]
  pruneopts = "UT"
  revision = "ae18d6b8b3205b561c79e8e5f69bff09736185f4"
  version = "v1.0.0"

[[projects]]
  digest = "1:53bc4cd4914cd7cd52139990d5170d6dc99067ae31c56530621b18b35fc30318"
  name = "github.com/mitchellh/mapstructure"
  packages = ["."]
  pruneopts = "UT"
  revision = "3536a929edddb9a5b34bd6861dc4a9647cb459fe"
  version = "v1.1.2"

[[projects]]
  branch = "master"
  digest = "1:c22fdadfe2de0e1df75987cac34f1c721157dc24f180c76b4ef66a3c9637a799"
  name = "github.com/mschoch/smat"
  packages = ["."]
  pruneopts = "UT"
  revision = "90eadee771aeab36e8bf796039b8c261bebebe4f"

[[projects]]
  digest = "1:95741de3af260a92cc5c7f3f3061e85273f5a81b5db20d4bd68da74bd521675e"
  name = "github.com/pelletier/go-toml"
  packages = ["."]
  pruneopts = "UT"
  revision = "c01d1270ff3e442a8a57cddc1c92dc1138598194"
  version = "v1.2.0"

[[projects]]
  digest = "1:5e73b34a27d827212102605789de00bd411b2e434812133c83935fe9897c75e1"
  name = "github.com/philhofer/fwd"
  packages = ["."]
  pruneopts = "UT"
  revision = "bb6d471dc95d4fe11e432687f8b70ff496cf3136"
  version = "v1.0.0"

[[projects]]
  digest = "1:d707dbc1330c0ed177d4642d6ae102d5e2c847ebd0eb84562d0dc4f024531cfc"
  name = "github.com/spf13/afero"
  packages = [
    ".",
    "mem",
  ]
  pruneopts = "UT"
  revision = "a5d6946387efe7d64d09dcba68cdd523dc1273a3"
  version = "v1.2.0"

[[projects]]
  digest = "1:08d65904057412fc0270fc4812a1c90c594186819243160dc779a402d4b6d0bc"
  name = "github.com/spf13/cast"
  packages = ["."]
  pruneopts = "UT"
  revision = "8c9545af88b134710ab1cd196795e7f2388358d7"
  version = "v1.3.0"

[[projects]]
  digest = "1:645cabccbb4fa8aab25a956cbcbdf6a6845ca736b2c64e197ca7cbb9d210b939"
  name = "github.com/spf13/cobra"
  packages = ["."]
  pruneopts = "UT"
  revision = "ef82de70bb3f60c65fb8eebacbb2d122ef517385"
  version = "v0.0.3"

[[projects]]
  digest = "1:68ea4e23713989dc20b1bded5d9da2c5f9be14ff9885beef481848edd18c26cb"
  name = "github.com/spf13/jwalterweatherman"
  packages = ["."]
  pruneopts = "UT"
  revision = "4a4406e478ca629068e7768fc33f3f044173c0a6"
  version = "v1.0.0"

[[projects]]
  digest = "1:c1b1102241e7f645bc8e0c22ae352e8f0dc6484b6cb4d132fa9f24174e0119e2"
  name = "github.com/spf13/pflag"
  packages = ["."]
  pruneopts = "UT"
  revision = "298182f68c66c05229eb03ac171abe6e309ee79a"
  version = "v1.0.3"

[[projects]]
  digest = "1:de37e343c64582d7026bf8ab6ac5b22a72eac54f3a57020db31524affed9f423"
  name = "github.com/spf13/viper"
  packages = ["."]
  pruneopts = "UT"
  revision = "6d33b5a963d922d182c91e8a1c88d81fd150cfd4"
  version = "v1.3.1"

[[projects]]
  branch = "master"
  digest = "1:970bd01f655c6e4cf6d335aadded53eca531d3d856f7de61eebe6fc253552b49"
  name = "github.com/steveyen/gtreap"
  packages = ["."]
  pruneopts = "UT"
  revision = "0abe01ef9be25c4aedc174758ec2d917314d6d70"

[[projects]]
  digest = "1:c97e8a5e5c435c3287f581cdb4441ba34577ec6ead8422bfedafa6269af7abf6"
  name = "github.com/tinylib/msgp"
  packages = ["msgp"]
  pruneopts = "UT"
  revision = "af6442a0fcf6e2a1b824f70dd0c734f01e817751"
  version = "v1.1.0"

[[projects]]
  digest = "1:542c6a724e70496d05fb3b40c45857fc0e353ed5f1c0ec4567fcf54c2f3b9619"
  name = "github.com/willf/bitset"
  packages = ["."]
  pruneopts = "UT"
  revision = "5c3c0fce48842b2c0bbaa99b4e61b0175d84b47c"

[[projects]]
  digest = "1:6ad30c4e66653ca512cc3f3894686fc4cdd17af1c7fd51603a10e1b31538ad81"
  name = "golang.org/x/net"
  packages = ["context"]
  pruneopts = "UT"
  revision = "e45385e9b226f570b1f086bf287b25d3d4117776"

[[projects]]
  branch = "master"
  digest = "1:bb644db32f5bc1e327a0f748ec871edc4dc46f19b4fbbc15bfd95b1460646537"
  name = "golang.org/x/sys"
  packages = [
    "unix",
    "windows",
  ]
  pruneopts = "UT"
  revision = "b90733256f2e882e81d52f9126de08df5615afd9"

[[projects]]
  digest = "1:8029e9743749d4be5bc9f7d42ea1659471767860f0cdc34d37c3111bd308a295"
  name = "golang.org/x/text"
  packages = [
    "internal/gen",
    "internal/triegen",
    "internal/ucd",
    "transform",
    "unicode/cldr",
    "unicode/norm",
  ]
  pruneopts = "UT"
  revision = "f21a4dfb5e38f5895301dc265a8def02365cc3d0"
  version = "v0.3.0"

[[projects]]
  digest = "1:4d2e5a73dc1500038e504a8d78b986630e3626dc027bc030ba5c75da257cdb96"
  name = "gopkg.in/yaml.v2"
  packages = ["."]
  pruneopts = "UT"
  revision = "51d6538a90f86fe93ac480b35f37b2be17fef232"
  version = "v2.2.2"

[solve-meta]
  analyzer-name = "dep"
  analyzer-version = 1
  input-imports = [
    "github.com/blevesearch/bleve",
    "github.com/blevesearch/bleve/index/scorch",
    "github.com/blevesearch/bleve/mapping",
    "github.com/blevesearch/bleve/search/highlight/highlighter/ansi",
    "github.com/blevesearch/bleve/search/query",
    "github.com/mitchellh/go-homedir",
    "github.com/spf13/cobra",
    "github.com/spf13/viper",
  ]
  solver-name = "gps-cdcl"
  solver-version = 1
